
Microsoft Visual Studio Solution File, Format Version 12.00
# Visual Studio Version 16
VisualStudioVersion = 16.0.33529.622
MinimumVisualStudioVersion = 10.0.40219.1
Project("{FAE04EC0-301F-11D3-BF4B-00C04F79EFBC}") = "QuickAI", "QuickAI\QuickAI.csproj", "{D05D6BAA-7A60-45BA-B5C3-AEF5C86367BF}"
EndProject
Global
	GlobalSection(SolutionConfigurationPlatforms) = preSolution
		Debug|Any CPU = Debug|Any CPU
		Release|Any CPU = Release|Any CPU
	EndGlobalSection
	GlobalSection(ProjectConfigurationPlatforms) = postSolution
		{D05D6BAA-7A60-45BA-B5C3-AEF5C86367BF}.Debug|Any CPU.ActiveCfg = Debug|Any CPU
		{D05D6BAA-7A60-45BA-B5C3-AEF5C86367BF}.Debug|Any CPU.Build.0 = Debug|Any CPU
		{D05D6BAA-7A60-45BA-B5C3-AEF5C86367BF}.Release|Any CPU.ActiveCfg = Release|Any CPU
		{D05D6BAA-7A60-45BA-B5C3-AEF5C86367BF}.Release|Any CPU.Build.0 = Release|Any CPU
	EndGlobalSection
	GlobalSection(SolutionProperties) = preSolution
		HideSolutionNode = FALSE
	EndGlobalSection
	GlobalSection(ExtensibilityGlobals) = postSolution
		SolutionGuid = {185EA115-9D7F-48CB-831E-BC552416D2A5}
	EndGlobalSection
EndGlobal
